
Microsoft Visual Studio Solution File, Format Version 12.00
# Visual Studio 14
VisualStudioVersion = 14.0.25420.1
MinimumVisualStudioVersion = 10.0.40219.1
Project("{FAE04EC0-301F-11D3-BF4B-00C04F79EFBC}") = "Triples_of_Letters", "Triples_of_Letters\Triples_of_Letters.csproj", "{A3519215-6BCB-468D-A3FF-3D91E3DF6FEF}"
EndProject
Global
	GlobalSection(SolutionConfigurationPlatforms) = preSolution
		Debug|Any CPU = Debug|Any CPU
		Release|Any CPU = Release|Any CPU
	EndGlobalSection
	GlobalSection(ProjectConfigurationPlatforms) = postSolution
		{A3519215-6BCB-468D-A3FF-3D91E3DF6FEF}.Debug|Any CPU.ActiveCfg = Debug|Any CPU
		{A3519215-6BCB-468D-A3FF-3D91E3DF6FEF}.Debug|Any CPU.Build.0 = Debug|Any CPU
		{A3519215-6BCB-468D-A3FF-3D91E3DF6FEF}.Release|Any CPU.ActiveCfg = Release|Any CPU
		{A3519215-6BCB-468D-A3FF-3D91E3DF6FEF}.Release|Any CPU.Build.0 = Release|Any CPU
	EndGlobalSection
	GlobalSection(SolutionProperties) = preSolution
		HideSolutionNode = FALSE
	EndGlobalSection
EndGlobal
