
Microsoft Visual Studio Solution File, Format Version 12.00
# Visual Studio 14
VisualStudioVersion = 14.0.25420.1
MinimumVisualStudioVersion = 10.0.40219.1
Project("{FAE04EC0-301F-11D3-BF4B-00C04F79EFBC}") = "Special_Numbers", "Special_Numbers\Special_Numbers.csproj", "{DBA911A6-7B71-4B36-8970-01087BA03CDC}"
EndProject
Global
	GlobalSection(SolutionConfigurationPlatforms) = preSolution
		Debug|Any CPU = Debug|Any CPU
		Release|Any CPU = Release|Any CPU
	EndGlobalSection
	GlobalSection(ProjectConfigurationPlatforms) = postSolution
		{DBA911A6-7B71-4B36-8970-01087BA03CDC}.Debug|Any CPU.ActiveCfg = Debug|Any CPU
		{DBA911A6-7B71-4B36-8970-01087BA03CDC}.Debug|Any CPU.Build.0 = Debug|Any CPU
		{DBA911A6-7B71-4B36-8970-01087BA03CDC}.Release|Any CPU.ActiveCfg = Release|Any CPU
		{DBA911A6-7B71-4B36-8970-01087BA03CDC}.Release|Any CPU.Build.0 = Release|Any CPU
	EndGlobalSection
	GlobalSection(SolutionProperties) = preSolution
		HideSolutionNode = FALSE
	EndGlobalSection
EndGlobal
